# This file was autogenerated by Stack.
# You should not edit this file by hand.
# For more information, please see the documentation at:
#   https://docs.haskellstack.org/en/stable/lock_files

packages:
- completed:
    hackage: X11-1.10.2@sha256:5f449203afe0240ca5124dc4b28d906fbde1d56a15c0c95534f677060f8b72ac,3747
    pantry-tree:
      size: 2861
      sha256: b0cd22d02719a0b53da816a292eb599b9a5ab28fd4b71509332e2840e4f75277
  original:
    hackage: X11-1.10.2
- completed:
    hackage: iwlib-0.1.2@sha256:4df33cfbfdb540468a0d5eb228bfa4a729bef0c5c97ddacbea83862c4da7f2d7,933
    pantry-tree:
      size: 259
      sha256: 38f21f9f14c5c518c7055f61062b8261a4954f254358447f2843800928ec49f9
  original:
    hackage: iwlib-0.1.2
snapshots:
- completed:
    size: 567037
    url: https://raw.githubusercontent.com/commercialhaskell/stackage-snapshots/master/lts/17/9.yaml
    sha256: d7d8d5106e53d1669964bd8bd2b0f88a5ad192d772f5376384b76738fd992311
  original:
    url: https://raw.githubusercontent.com/commercialhaskell/stackage-snapshots/master/lts/17/9.yaml
